
Microsoft Visual Studio Solution File, Format Version 12.00
# Visual Studio Version 16
VisualStudioVersion = 16.0.31005.135
MinimumVisualStudioVersion = 10.0.40219.1
Project("{9A19103F-16F7-4668-BE54-9A1E7A4F7556}") = "OOP_5laba", "OOP_5laba.csproj", "{FCCE5BE5-6561-4AB7-B99A-0C37E74E63AD}"
EndProject
Project("{8BC9CEB8-8B4A-11D0-8D11-00A0C91BC942}") = "OOP_5lab_pluses", "..\OOP_5lab_pluses\OOP_5lab_pluses.vcxproj", "{F3FFA08D-3493-4691-98B3-B2AA5E659218}"
EndProject
Project("{FAE04EC0-301F-11D3-BF4B-00C04F79EFBC}") = "OOP_6lab", "..\OOP_6lab\OOP_6lab.csproj", "{CE10CEE2-AC17-4D22-B4AA-CCAA0CA746DA}"
EndProject
Global
	GlobalSection(SolutionConfigurationPlatforms) = preSolution
		Debug|Any CPU = Debug|Any CPU
		Debug|x64 = Debug|x64
		Debug|x86 = Debug|x86
		Release|Any CPU = Release|Any CPU
		Release|x64 = Release|x64
		Release|x86 = Release|x86
	EndGlobalSection
	GlobalSection(ProjectConfigurationPlatforms) = postSolution
		{FCCE5BE5-6561-4AB7-B99A-0C37E74E63AD}.Debug|Any CPU.ActiveCfg = Debug|Any CPU
		{FCCE5BE5-6561-4AB7-B99A-0C37E74E63AD}.Debug|Any CPU.Build.0 = Debug|Any CPU
		{FCCE5BE5-6561-4AB7-B99A-0C37E74E63AD}.Debug|x64.ActiveCfg = Debug|Any CPU
		{FCCE5BE5-6561-4AB7-B99A-0C37E74E63AD}.Debug|x64.Build.0 = Debug|Any CPU
		{FCCE5BE5-6561-4AB7-B99A-0C37E74E63AD}.Debug|x86.ActiveCfg = Debug|Any CPU
		{FCCE5BE5-6561-4AB7-B99A-0C37E74E63AD}.Debug|x86.Build.0 = Debug|Any CPU
		{FCCE5BE5-6561-4AB7-B99A-0C37E74E63AD}.Release|Any CPU.ActiveCfg = Release|Any CPU
		{FCCE5BE5-6561-4AB7-B99A-0C37E74E63AD}.Release|Any CPU.Build.0 = Release|Any CPU
		{FCCE5BE5-6561-4AB7-B99A-0C37E74E63AD}.Release|x64.ActiveCfg = Release|Any CPU
		{FCCE5BE5-6561-4AB7-B99A-0C37E74E63AD}.Release|x64.Build.0 = Release|Any CPU
		{FCCE5BE5-6561-4AB7-B99A-0C37E74E63AD}.Release|x86.ActiveCfg = Release|Any CPU
		{FCCE5BE5-6561-4AB7-B99A-0C37E74E63AD}.Release|x86.Build.0 = Release|Any CPU
		{F3FFA08D-3493-4691-98B3-B2AA5E659218}.Debug|Any CPU.ActiveCfg = Debug|Win32
		{F3FFA08D-3493-4691-98B3-B2AA5E659218}.Debug|x64.ActiveCfg = Debug|x64
		{F3FFA08D-3493-4691-98B3-B2AA5E659218}.Debug|x64.Build.0 = Debug|x64
		{F3FFA08D-3493-4691-98B3-B2AA5E659218}.Debug|x86.ActiveCfg = Debug|Win32
		{F3FFA08D-3493-4691-98B3-B2AA5E659218}.Debug|x86.Build.0 = Debug|Win32
		{F3FFA08D-3493-4691-98B3-B2AA5E659218}.Release|Any CPU.ActiveCfg = Release|Win32
		{F3FFA08D-3493-4691-98B3-B2AA5E659218}.Release|x64.ActiveCfg = Release|x64
		{F3FFA08D-3493-4691-98B3-B2AA5E659218}.Release|x64.Build.0 = Release|x64
		{F3FFA08D-3493-4691-98B3-B2AA5E659218}.Release|x86.ActiveCfg = Release|Win32
		{F3FFA08D-3493-4691-98B3-B2AA5E659218}.Release|x86.Build.0 = Release|Win32
		{CE10CEE2-AC17-4D22-B4AA-CCAA0CA746DA}.Debug|Any CPU.ActiveCfg = Debug|Any CPU
		{CE10CEE2-AC17-4D22-B4AA-CCAA0CA746DA}.Debug|Any CPU.Build.0 = Debug|Any CPU
		{CE10CEE2-AC17-4D22-B4AA-CCAA0CA746DA}.Debug|x64.ActiveCfg = Debug|Any CPU
		{CE10CEE2-AC17-4D22-B4AA-CCAA0CA746DA}.Debug|x64.Build.0 = Debug|Any CPU
		{CE10CEE2-AC17-4D22-B4AA-CCAA0CA746DA}.Debug|x86.ActiveCfg = Debug|Any CPU
		{CE10CEE2-AC17-4D22-B4AA-CCAA0CA746DA}.Debug|x86.Build.0 = Debug|Any CPU
		{CE10CEE2-AC17-4D22-B4AA-CCAA0CA746DA}.Release|Any CPU.ActiveCfg = Release|Any CPU
		{CE10CEE2-AC17-4D22-B4AA-CCAA0CA746DA}.Release|Any CPU.Build.0 = Release|Any CPU
		{CE10CEE2-AC17-4D22-B4AA-CCAA0CA746DA}.Release|x64.ActiveCfg = Release|Any CPU
		{CE10CEE2-AC17-4D22-B4AA-CCAA0CA746DA}.Release|x64.Build.0 = Release|Any CPU
		{CE10CEE2-AC17-4D22-B4AA-CCAA0CA746DA}.Release|x86.ActiveCfg = Release|Any CPU
		{CE10CEE2-AC17-4D22-B4AA-CCAA0CA746DA}.Release|x86.Build.0 = Release|Any CPU
	EndGlobalSection
	GlobalSection(SolutionProperties) = preSolution
		HideSolutionNode = FALSE
	EndGlobalSection
	GlobalSection(ExtensibilityGlobals) = postSolution
		SolutionGuid = {C6BCFDF1-38E6-4218-A663-E29C8C6FC266}
	EndGlobalSection
EndGlobal
